
Microsoft Visual Studio Solution File, Format Version 12.00
# Visual Studio 2015
Project("{FAE04EC0-301F-11D3-BF4B-00C04F79EFBC}") = "Projekt v1.0 — kopia", "Projekt v1.0 — kopia.csproj", "{A0E4F87F-C066-4D93-B3D5-04411B46A974}"
EndProject
Project("{FAE04EC0-301F-11D3-BF4B-00C04F79EFBC}") = "Projekt v1.0 — kopia.Editor", "Projekt v1.0 — kopia.Editor.csproj", "{BC9DB017-1C00-F535-B551-A09BB0EE6D6F}"
EndProject
Global
	GlobalSection(SolutionConfigurationPlatforms) = preSolution
		Debug|Any CPU = Debug|Any CPU
		Release|Any CPU = Release|Any CPU
	EndGlobalSection
	GlobalSection(ProjectConfigurationPlatforms) = postSolution
		{A0E4F87F-C066-4D93-B3D5-04411B46A974}.Debug|Any CPU.ActiveCfg = Debug|Any CPU
		{A0E4F87F-C066-4D93-B3D5-04411B46A974}.Debug|Any CPU.Build.0 = Debug|Any CPU
		{A0E4F87F-C066-4D93-B3D5-04411B46A974}.Release|Any CPU.ActiveCfg = Release|Any CPU
		{A0E4F87F-C066-4D93-B3D5-04411B46A974}.Release|Any CPU.Build.0 = Release|Any CPU
		{BC9DB017-1C00-F535-B551-A09BB0EE6D6F}.Debug|Any CPU.ActiveCfg = Debug|Any CPU
		{BC9DB017-1C00-F535-B551-A09BB0EE6D6F}.Debug|Any CPU.Build.0 = Debug|Any CPU
		{BC9DB017-1C00-F535-B551-A09BB0EE6D6F}.Release|Any CPU.ActiveCfg = Release|Any CPU
		{BC9DB017-1C00-F535-B551-A09BB0EE6D6F}.Release|Any CPU.Build.0 = Release|Any CPU
	EndGlobalSection
	GlobalSection(SolutionProperties) = preSolution
		HideSolutionNode = FALSE
	EndGlobalSection
EndGlobal
